
Microsoft Visual Studio Solution File, Format Version 12.00
# Visual Studio Version 17
VisualStudioVersion = 17.4.33213.308
MinimumVisualStudioVersion = 10.0.40219.1
Project("{FAE04EC0-301F-11D3-BF4B-00C04F79EFBC}") = "ProjetoExoApi", "ProjetoExoApi\ProjetoExoApi.csproj", "{67C29B86-98C0-4ACD-ADF9-407A0B0D1CE7}"
EndProject
Global
	GlobalSection(SolutionConfigurationPlatforms) = preSolution
		Debug|Any CPU = Debug|Any CPU
		Release|Any CPU = Release|Any CPU
	EndGlobalSection
	GlobalSection(ProjectConfigurationPlatforms) = postSolution
		{67C29B86-98C0-4ACD-ADF9-407A0B0D1CE7}.Debug|Any CPU.ActiveCfg = Debug|Any CPU
		{67C29B86-98C0-4ACD-ADF9-407A0B0D1CE7}.Debug|Any CPU.Build.0 = Debug|Any CPU
		{67C29B86-98C0-4ACD-ADF9-407A0B0D1CE7}.Release|Any CPU.ActiveCfg = Release|Any CPU
		{67C29B86-98C0-4ACD-ADF9-407A0B0D1CE7}.Release|Any CPU.Build.0 = Release|Any CPU
	EndGlobalSection
	GlobalSection(SolutionProperties) = preSolution
		HideSolutionNode = FALSE
	EndGlobalSection
	GlobalSection(ExtensibilityGlobals) = postSolution
		SolutionGuid = {74C21771-EE51-4AC0-BBC4-9F838FC0D046}
	EndGlobalSection
EndGlobal
